#Configurations relating to basic information about this currency tier.
Info:

  #The singular name of this tier.
  Single: 'Block'

  #The plural name of this tier.
  Plural: 'Blocks'

#Various options for this currency tier.
Options:

  #The weight of the tier. E.X. 20USD would equal 20
  Weight: 9

  #The material used for this item.
  Material: 'DIAMOND_BLOCK'

  #Configurations relating to crafting this currency tier.
  Crafting:

    #If custom crafting recipes for this tier are enabled.
    Enabled: false

    #Should the recipe be shapeless?
    Shapeless: false

    #The amount of the currency to return for this crafting recipe.
    Amount: 1

    #The materials that represent the characters used in the recipe option.
    #Format: Character:Material Name
    #Format For Currencies(only works on 1.13+ and if Shapeless is false):
    Materials:
      - "X:GOLD_NUGGET"
      - "Y:PAPER"

    #List of this recipe's representing characters.
    #maximum of three rows, where a space is an empty slot for shaped recipes.
    Recipe:
      - " X "
      - "XYX"
      - " X "